
Microsoft Visual Studio Solution File, Format Version 12.00
# Visual Studio 14
VisualStudioVersion = 14.0.25420.1
MinimumVisualStudioVersion = 10.0.40219.1
Project("{FAE04EC0-301F-11D3-BF4B-00C04F79EFBC}") = "Shop", "Shop\Shop.csproj", "{702663CE-11A9-4CA3-B608-817C289DAC93}"
EndProject
Project("{FAE04EC0-301F-11D3-BF4B-00C04F79EFBC}") = "Shop.Services", "Shop.Services\Shop.Services.csproj", "{690DA0A0-C098-45A8-9D3B-872D96AF9C0E}"
EndProject
Project("{FAE04EC0-301F-11D3-BF4B-00C04F79EFBC}") = "Shop.Data", "Shop.Data\Shop.Data.csproj", "{E967EE76-C78C-44C0-9353-88EE11D131D7}"
EndProject
Global
	GlobalSection(SolutionConfigurationPlatforms) = preSolution
		Debug|Any CPU = Debug|Any CPU
		Release|Any CPU = Release|Any CPU
	EndGlobalSection
	GlobalSection(ProjectConfigurationPlatforms) = postSolution
		{702663CE-11A9-4CA3-B608-817C289DAC93}.Debug|Any CPU.ActiveCfg = Debug|Any CPU
		{702663CE-11A9-4CA3-B608-817C289DAC93}.Debug|Any CPU.Build.0 = Debug|Any CPU
		{702663CE-11A9-4CA3-B608-817C289DAC93}.Release|Any CPU.ActiveCfg = Release|Any CPU
		{702663CE-11A9-4CA3-B608-817C289DAC93}.Release|Any CPU.Build.0 = Release|Any CPU
		{690DA0A0-C098-45A8-9D3B-872D96AF9C0E}.Debug|Any CPU.ActiveCfg = Debug|Any CPU
		{690DA0A0-C098-45A8-9D3B-872D96AF9C0E}.Debug|Any CPU.Build.0 = Debug|Any CPU
		{690DA0A0-C098-45A8-9D3B-872D96AF9C0E}.Release|Any CPU.ActiveCfg = Release|Any CPU
		{690DA0A0-C098-45A8-9D3B-872D96AF9C0E}.Release|Any CPU.Build.0 = Release|Any CPU
		{E967EE76-C78C-44C0-9353-88EE11D131D7}.Debug|Any CPU.ActiveCfg = Debug|Any CPU
		{E967EE76-C78C-44C0-9353-88EE11D131D7}.Debug|Any CPU.Build.0 = Debug|Any CPU
		{E967EE76-C78C-44C0-9353-88EE11D131D7}.Release|Any CPU.ActiveCfg = Release|Any CPU
		{E967EE76-C78C-44C0-9353-88EE11D131D7}.Release|Any CPU.Build.0 = Release|Any CPU
	EndGlobalSection
	GlobalSection(SolutionProperties) = preSolution
		HideSolutionNode = FALSE
	EndGlobalSection
EndGlobal
