
Microsoft Visual Studio Solution File, Format Version 11.00
# Visual Studio 2010
Project("{FAE04EC0-301F-11D3-BF4B-00C04F79EFBC}") = "NetReviewed", "NetReviewed\NetReviewed.csproj", "{8EC9C1A3-EBD7-465F-B27A-DC260C667493}"
EndProject
Global
	GlobalSection(SolutionConfigurationPlatforms) = preSolution
		Debug|Any CPU = Debug|Any CPU
		Release|Any CPU = Release|Any CPU
	EndGlobalSection
	GlobalSection(ProjectConfigurationPlatforms) = postSolution
		{8EC9C1A3-EBD7-465F-B27A-DC260C667493}.Debug|Any CPU.ActiveCfg = Debug|Any CPU
		{8EC9C1A3-EBD7-465F-B27A-DC260C667493}.Debug|Any CPU.Build.0 = Debug|Any CPU
		{8EC9C1A3-EBD7-465F-B27A-DC260C667493}.Release|Any CPU.ActiveCfg = Release|Any CPU
		{8EC9C1A3-EBD7-465F-B27A-DC260C667493}.Release|Any CPU.Build.0 = Release|Any CPU
	EndGlobalSection
	GlobalSection(SolutionProperties) = preSolution
		HideSolutionNode = FALSE
	EndGlobalSection
EndGlobal
